
Microsoft Visual Studio Solution File, Format Version 12.00
# Visual Studio Version 16
VisualStudioVersion = 16.0.32228.343
MinimumVisualStudioVersion = 10.0.40219.1
Project("{FAE04EC0-301F-11D3-BF4B-00C04F79EFBC}") = "WebApplication3", "WebApplication3\WebApplication3.csproj", "{8D0E75E0-FDEC-40AF-8EA6-69DE5EE735BE}"
EndProject
Global
	GlobalSection(SolutionConfigurationPlatforms) = preSolution
		Debug|Any CPU = Debug|Any CPU
		Release|Any CPU = Release|Any CPU
	EndGlobalSection
	GlobalSection(ProjectConfigurationPlatforms) = postSolution
		{8D0E75E0-FDEC-40AF-8EA6-69DE5EE735BE}.Debug|Any CPU.ActiveCfg = Debug|Any CPU
		{8D0E75E0-FDEC-40AF-8EA6-69DE5EE735BE}.Debug|Any CPU.Build.0 = Debug|Any CPU
		{8D0E75E0-FDEC-40AF-8EA6-69DE5EE735BE}.Release|Any CPU.ActiveCfg = Release|Any CPU
		{8D0E75E0-FDEC-40AF-8EA6-69DE5EE735BE}.Release|Any CPU.Build.0 = Release|Any CPU
	EndGlobalSection
	GlobalSection(SolutionProperties) = preSolution
		HideSolutionNode = FALSE
	EndGlobalSection
	GlobalSection(ExtensibilityGlobals) = postSolution
		SolutionGuid = {547A6D21-8684-40E7-9B41-E999D99BEFC4}
	EndGlobalSection
EndGlobal
